
Microsoft Visual Studio Solution File, Format Version 12.00
# Visual Studio Version 17
VisualStudioVersion = 17.11.35327.3
MinimumVisualStudioVersion = 10.0.40219.1
Project("{FAE04EC0-301F-11D3-BF4B-00C04F79EFBC}") = "demo.web", "demo.web\demo.web.csproj", "{8AE2A672-FDE6-4D1F-BC13-B9622E589456}"
EndProject
Global
	GlobalSection(SolutionConfigurationPlatforms) = preSolution
		Debug|Any CPU = Debug|Any CPU
		Release|Any CPU = Release|Any CPU
	EndGlobalSection
	GlobalSection(ProjectConfigurationPlatforms) = postSolution
		{8AE2A672-FDE6-4D1F-BC13-B9622E589456}.Debug|Any CPU.ActiveCfg = Debug|Any CPU
		{8AE2A672-FDE6-4D1F-BC13-B9622E589456}.Debug|Any CPU.Build.0 = Debug|Any CPU
		{8AE2A672-FDE6-4D1F-BC13-B9622E589456}.Release|Any CPU.ActiveCfg = Release|Any CPU
		{8AE2A672-FDE6-4D1F-BC13-B9622E589456}.Release|Any CPU.Build.0 = Release|Any CPU
	EndGlobalSection
	GlobalSection(SolutionProperties) = preSolution
		HideSolutionNode = FALSE
	EndGlobalSection
	GlobalSection(ExtensibilityGlobals) = postSolution
		SolutionGuid = {11ED2C9F-CEBA-42BF-9D33-E8CBFAB5196B}
	EndGlobalSection
EndGlobal
